// !$*UTF8*$!
{
	archiveVersion = 1;
	classes = {
	};
	objectVersion = 50;
	objects = {

/* Begin PBXBuildFile section */
		F676E2F926BE13FF004D167D /* YoutubeAndroidSwiftUICloneApp.swift in Sources */ = {isa = PBXBuildFile; fileRef = F676E2F826BE13FF004D167D /* YoutubeAndroidSwiftUICloneApp.swift */; };
		F676E2FB26BE13FF004D167D /* ContentView.swift in Sources */ = {isa = PBXBuildFile; fileRef = F676E2FA26BE13FF004D167D /* ContentView.swift */; };
		F676E2FD26BE1400004D167D /* Assets.xcassets in Resources */ = {isa = PBXBuildFile; fileRef = F676E2FC26BE1400004D167D /* Assets.xcassets */; };
		F676E30026BE1400004D167D /* Preview Assets.xcassets in Resources */ = {isa = PBXBuildFile; fileRef = F676E2FF26BE1400004D167D /* Preview Assets.xcassets */; };
		F676E30826BE1490004D167D /* TopToolbar.swift in Sources */ = {isa = PBXBuildFile; fileRef = F676E30726BE1490004D167D /* TopToolbar.swift */; };
/* End PBXBuildFile section */

/* Begin PBXFileReference section */
		F676E2F526BE13FF004D167D /* YoutubeAndroidSwiftUIClone.app */ = {isa = PBXFileReference; explicitFileType = wrapper.application; includeInIndex = 0; path = YoutubeAndroidSwiftUIClone.app; sourceTree = BUILT_PRODUCTS_DIR; };
		F676E2F826BE13FF004D167D /* YoutubeAndroidSwiftUICloneApp.swift */ = {isa = PBXFileReference; lastKnownFileType = sourcecode.swift; path = YoutubeAndroidSwiftUICloneApp.swift; sourceTree = "<group>"; };
		F676E2FA26BE13FF004D167D /* ContentView.swift */ = {isa = PBXFileReference; lastKnownFileType = sourcecode.swift; path = ContentView.swift; sourceTree = "<group>"; };
		F676E2FC26BE1400004D167D /* Assets.xcassets */ = {isa = PBXFileReference; lastKnownFileType = folder.assetcatalog; path = Assets.xcassets; sourceTree = "<group>"; };
		F676E2FF26BE1400004D167D /* Preview Assets.xcassets */ = {isa = PBXFileReference; lastKnownFileType = folder.assetcatalog; path = "Preview Assets.xcassets"; sourceTree = "<group>"; };
		F676E30126BE1400004D167D /* Info.plist */ = {isa = PBXFileReference; lastKnownFileType = text.plist.xml; path = Info.plist; sourceTree = "<group>"; };
		F676E30726BE1490004D167D /* TopToolbar.swift */ = {isa = PBXFileReference; lastKnownFileType = sourcecode.swift; path = TopToolbar.swift; sourceTree = "<group>"; };
/* End PBXFileReference section */

/* Begin PBXFrameworksBuildPhase section */
		F676E2F226BE13FF004D167D /* Frameworks */ = {
			isa = PBXFrameworksBuildPhase;
			buildActionMask = 2147483647;
			files = (
			);
			runOnlyForDeploymentPostprocessing = 0;
		};
/* End PBXFrameworksBuildPhase section */

/* Begin PBXGroup section */
		F676E2EC26BE13FF004D167D = {
			isa = PBXGroup;
			children = (
				F676E2F726BE13FF004D167D /* YoutubeAndroidSwiftUIClone */,
				F676E2F626BE13FF004D167D /* Products */,
			);
			sourceTree = "<group>";
		};
		F676E2F626BE13FF004D167D /* Products */ = {
			isa = PBXGroup;
			children = (
				F676E2F526BE13FF004D167D /* YoutubeAndroidSwiftUIClone.app */,
			);
			name = Products;
			sourceTree = "<group>";
		};
		F676E2F726BE13FF004D167D /* YoutubeAndroidSwiftUIClone */ = {
			isa = PBXGroup;
			children = (
				F676E2F826BE13FF004D167D /* YoutubeAndroidSwiftUICloneApp.swift */,
				F676E2FA26BE13FF004D167D /* ContentView.swift */,
				F676E30726BE1490004D167D /* TopToolbar.swift */,
				F676E2FC26BE1400004D167D /* Assets.xcassets */,
				F676E30126BE1400004D167D /* Info.plist */,
				F676E2FE26BE1400004D167D /* Preview Content */,
			);
			path = YoutubeAndroidSwiftUIClone;
			sourceTree = "<group>";
		};
		F676E2FE26BE1400004D167D /* Preview Content */ = {
			isa = PBXGroup;
			children = (
				F676E2FF26BE1400004D167D /* Preview Assets.xcassets */,
			);
			path = "Preview Content";
			sourceTree = "<group>";
		};
/* End PBXGroup section */

/* Begin PBXNativeTarget section */
		F676E2F426BE13FF004D167D /* YoutubeAndroidSwiftUIClone */ = {
			isa = PBXNativeTarget;
			buildConfigurationList = F676E30426BE1400004D167D /* Build configuration list for PBXNativeTarget "YoutubeAndroidSwiftUIClone" */;
			buildPhases = (
				F676E2F126BE13FF004D167D /* Sources */,
				F676E2F226BE13FF004D167D /* Frameworks */,
				F676E2F326BE13FF004D167D /* Resources */,
			);
			buildRules = (
			);
			dependencies = (
			);
			name = YoutubeAndroidSwiftUIClone;
			productName = YoutubeAndroidSwiftUIClone;
			productReference = F676E2F526BE13FF004D167D /* YoutubeAndroidSwiftUIClone.app */;
			productType = "com.apple.product-type.application";
		};
/* End PBXNativeTarget section */

/* Begin PBXProject section */
		F676E2ED26BE13FF004D167D /* Project object */ = {
			isa = PBXProject;
			attributes = {
				LastSwiftUpdateCheck = 1250;
				LastUpgradeCheck = 1250;
				TargetAttributes = {
					F676E2F426BE13FF004D167D = {
						CreatedOnToolsVersion = 12.5.1;
					};
				};
			};
			buildConfigurationList = F676E2F026BE13FF004D167D /* Build configuration list for PBXProject "YoutubeAndroidSwiftUIClone" */;
			compatibilityVersion = "Xcode 9.3";
			developmentRegion = en;
			hasScannedForEncodings = 0;
			knownRegions = (
				en,
				Base,
			);
			mainGroup = F676E2EC26BE13FF004D167D;
			productRefGroup = F676E2F626BE13FF004D167D /* Products */;
			projectDirPath = "";
			projectRoot = "";
			targets = (
				F676E2F426BE13FF004D167D /* YoutubeAndroidSwiftUIClone */,
			);
		};
/* End PBXProject section */

/* Begin PBXResourcesBuildPhase section */
		F676E2F326BE13FF004D167D /* Resources */ = {
			isa = PBXResourcesBuildPhase;
			buildActionMask = 2147483647;
			files = (
				F676E30026BE1400004D167D /* Preview Assets.xcassets in Resources */,
				F676E2FD26BE1400004D167D /* Assets.xcassets in Resources */,
			);
			runOnlyForDeploymentPostprocessing = 0;
		};
/* End PBXResourcesBuildPhase section */

/* Begin PBXSourcesBuildPhase section */
		F676E2F126BE13FF004D167D /* Sources */ = {
			isa = PBXSourcesBuildPhase;
			buildActionMask = 2147483647;
			files = (
				F676E30826BE1490004D167D /* TopToolbar.swift in Sources */,
				F676E2FB26BE13FF004D167D /* ContentView.swift in Sources */,
				F676E2F926BE13FF004D167D /* YoutubeAndroidSwiftUICloneApp.swift in Sources */,
			);
			runOnlyForDeploymentPostprocessing = 0;
		};
/* End PBXSourcesBuildPhase section */

/* Begin XCBuildConfiguration section */
		F676E30226BE1400004D167D /* Debug */ = {
			isa = XCBuildConfiguration;
			buildSettings = {
				ALWAYS_SEARCH_USER_PATHS = NO;
				CLANG_ANALYZER_NONNULL = YES;
				CLANG_ANALYZER_NUMBER_OBJECT_CONVERSION = YES_AGGRESSIVE;
				CLANG_CXX_LANGUAGE_STANDARD = "gnu++14";
				CLANG_CXX_LIBRARY = "libc++";
				CLANG_ENABLE_MODULES = YES;
				CLANG_ENABLE_OBJC_ARC = YES;
				CLANG_ENABLE_OBJC_WEAK = YES;
				CLANG_WARN_BLOCK_CAPTURE_AUTORELEASING = YES;
				CLANG_WARN_BOOL_CONVERSION = YES;
				CLANG_WARN_COMMA = YES;
				CLANG_WARN_CONSTANT_CONVERSION = YES;
				CLANG_WARN_DEPRECATED_OBJC_IMPLEMENTATIONS = YES;
				CLANG_WARN_DIRECT_OBJC_ISA_USAGE = YES_ERROR;
				CLANG_WARN_DOCUMENTATION_COMMENTS = YES;
				CLANG_WARN_EMPTY_BODY = YES;
				CLANG_WARN_ENUM_CONVERSION = YES;
				CLANG_WARN_INFINITE_RECURSION = YES;
				CLANG_WARN_INT_CONVERSION = YES;
				CLANG_WARN_NON_LITERAL_NULL_CONVERSION = YES;
				CLANG_WARN_OBJC_IMPLICIT_RETAIN_SELF = YES;
				CLANG_WARN_OBJC_LITERAL_CONVERSION = YES;
				CLANG_WARN_OBJC_ROOT_CLASS = YES_ERROR;
				CLANG_WARN_QUOTED_INCLUDE_IN_FRAMEWORK_HEADER = YES;
				CLANG_WARN_RANGE_LOOP_ANALYSIS = YES;
				CLANG_WARN_STRICT_PROTOTYPES = YES;
				CLANG_WARN_SUSPICIOUS_MOVE = YES;
				CLANG_WARN_UNGUARDED_AVAILABILITY = YES_AGGRESSIVE;
				CLANG_WARN_UNREACHABLE_CODE = YES;
				CLANG_WARN__DUPLICATE_METHOD_MATCH = YES;
				COPY_PHASE_STRIP = NO;
				DEBUG_INFORMATION_FORMAT = dwarf;
				ENABLE_STRICT_OBJC_MSGSEND = YES;
				ENABLE_TESTABILITY = YES;
				GCC_C_LANGUAGE_STANDARD = gnu11;
				GCC_DYNAMIC_NO_PIC = NO;
				GCC_NO_COMMON_BLOCKS = YES;
				GCC_OPTIMIZATION_LEVEL = 0;
				GCC_PREPROCESSOR_DEFINITIONS = (
					"DEBUG=1",
					"$(inherited)",
				);
				GCC_WARN_64_TO_32_BIT_CONVERSION = YES;
				GCC_WARN_ABOUT_RETURN_TYPE = YES_ERROR;
				GCC_WARN_UNDECLARED_SELECTOR = YES;
				GCC_WARN_UNINITIALIZED_AUTOS = YES_AGGRESSIVE;
				GCC_WARN_UNUSED_FUNCTION = YES;
				GCC_WARN_UNUSED_VARIABLE = YES;
				IPHONEOS_DEPLOYMENT_TARGET = 14.5;
				MTL_ENABLE_DEBUG_INFO = INCLUDE_SOURCE;
				MTL_FAST_MATH = YES;
				ONLY_ACTIVE_ARCH = YES;
				SDKROOT = iphoneos;
				SWIFT_ACTIVE_COMPILATION_CONDITIONS = DEBUG;
				SWIFT_OPTIMIZATION_LEVEL = "-Onone";
			};
			name = Debug;
		};
		F676E30326BE1400004D167D /* Release */ = {
			isa = XCBuildConfiguration;
			buildSettings = {
				ALWAYS_SEARCH_USER_PATHS = NO;
				CLANG_ANALYZER_NONNULL = YES;
				CLANG_ANALYZER_NUMBER_OBJECT_CONVERSION = YES_AGGRESSIVE;
				CLANG_CXX_LANGUAGE_STANDARD = "gnu++14";
				CLANG_CXX_LIBRARY = "libc++";
				CLANG_ENABLE_MODULES = YES;
				CLANG_ENABLE_OBJC_ARC = YES;
				CLANG_ENABLE_OBJC_WEAK = YES;
				CLANG_WARN_BLOCK_CAPTURE_AUTORELEASING = YES;
				CLANG_WARN_BOOL_CONVERSION = YES;
				CLANG_WARN_COMMA = YES;
				CLANG_WARN_CONSTANT_CONVERSION = YES;
				CLANG_WARN_DEPRECATED_OBJC_IMPLEMENTATIONS = YES;
				CLANG_WARN_DIRECT_OBJC_ISA_USAGE = YES_ERROR;
				CLANG_WARN_DOCUMENTATION_COMMENTS = YES;
				CLANG_WARN_EMPTY_BODY = YES;
				CLANG_WARN_ENUM_CONVERSION = YES;
				CLANG_WARN_INFINITE_RECURSION = YES;
				CLANG_WARN_INT_CONVERSION = YES;
				CLANG_WARN_NON_LITERAL_NULL_CONVERSION = YES;
				CLANG_WARN_OBJC_IMPLICIT_RETAIN_SELF = YES;
				CLANG_WARN_OBJC_LITERAL_CONVERSION = YES;
				CLANG_WARN_OBJC_ROOT_CLASS = YES_ERROR;
				CLANG_WARN_QUOTED_INCLUDE_IN_FRAMEWORK_HEADER = YES;
				CLANG_WARN_RANGE_LOOP_ANALYSIS = YES;
				CLANG_WARN_STRICT_PROTOTYPES = YES;
				CLANG_WARN_SUSPICIOUS_MOVE = YES;
				CLANG_WARN_UNGUARDED_AVAILABILITY = YES_AGGRESSIVE;
				CLANG_WARN_UNREACHABLE_CODE = YES;
				CLANG_WARN__DUPLICATE_METHOD_MATCH = YES;
				COPY_PHASE_STRIP = NO;
				DEBUG_INFORMATION_FORMAT = "dwarf-with-dsym";
				ENABLE_NS_ASSERTIONS = NO;
				ENABLE_STRICT_OBJC_MSGSEND = YES;
				GCC_C_LANGUAGE_STANDARD = gnu11;
				GCC_NO_COMMON_BLOCKS = YES;
				GCC_WARN_64_TO_32_BIT_CONVERSION = YES;
				GCC_WARN_ABOUT_RETURN_TYPE = YES_ERROR;
				GCC_WARN_UNDECLARED_SELECTOR = YES;
				GCC_WARN_UNINITIALIZED_AUTOS = YES_AGGRESSIVE;
				GCC_WARN_UNUSED_FUNCTION = YES;
				GCC_WARN_UNUSED_VARIABLE = YES;
				IPHONEOS_DEPLOYMENT_TARGET = 14.5;
				MTL_ENABLE_DEBUG_INFO = NO;
				MTL_FAST_MATH = YES;
				SDKROOT = iphoneos;
				SWIFT_COMPILATION_MODE = wholemodule;
				SWIFT_OPTIMIZATION_LEVEL = "-O";
				VALIDATE_PRODUCT = YES;
			};
			name = Release;
		};
		F676E30526BE1400004D167D /* Debug */ = {
			isa = XCBuildConfiguration;
			buildSettings = {
				ASSETCATALOG_COMPILER_APPICON_NAME = AppIcon;
				ASSETCATALOG_COMPILER_GLOBAL_ACCENT_COLOR_NAME = AccentColor;
				CODE_SIGN_STYLE = Automatic;
				DEVELOPMENT_ASSET_PATHS = "\"YoutubeAndroidSwiftUIClone/Preview Content\"";
				DEVELOPMENT_TEAM = B75B8HZMUH;
				ENABLE_PREVIEWS = YES;
				INFOPLIST_FILE = YoutubeAndroidSwiftUIClone/Info.plist;
				IPHONEOS_DEPLOYMENT_TARGET = 14.0;
				LD_RUNPATH_SEARCH_PATHS = (
					"$(inherited)",
					"@executable_path/Frameworks",
				);
				PRODUCT_BUNDLE_IDENTIFIER = daniel.YoutubeAndroidSwiftUIClone;
				PRODUCT_NAME = "$(TARGET_NAME)";
				SWIFT_VERSION = 5.0;
				TARGETED_DEVICE_FAMILY = "1,2";
			};
			name = Debug;
		};
		F676E30626BE1400004D167D /* Release */ = {
			isa = XCBuildConfiguration;
			buildSettings = {
				ASSETCATALOG_COMPILER_APPICON_NAME = AppIcon;
				ASSETCATALOG_COMPILER_GLOBAL_ACCENT_COLOR_NAME = AccentColor;
				CODE_SIGN_STYLE = Automatic;
				DEVELOPMENT_ASSET_PATHS = "\"YoutubeAndroidSwiftUIClone/Preview Content\"";
				DEVELOPMENT_TEAM = B75B8HZMUH;
				ENABLE_PREVIEWS = YES;
				INFOPLIST_FILE = YoutubeAndroidSwiftUIClone/Info.plist;
				IPHONEOS_DEPLOYMENT_TARGET = 14.0;
				LD_RUNPATH_SEARCH_PATHS = (
					"$(inherited)",
					"@executable_path/Frameworks",
				);
				PRODUCT_BUNDLE_IDENTIFIER = daniel.YoutubeAndroidSwiftUIClone;
				PRODUCT_NAME = "$(TARGET_NAME)";
				SWIFT_VERSION = 5.0;
				TARGETED_DEVICE_FAMILY = "1,2";
			};
			name = Release;
		};
/* End XCBuildConfiguration section */

/* Begin XCConfigurationList section */
		F676E2F026BE13FF004D167D /* Build configuration list for PBXProject "YoutubeAndroidSwiftUIClone" */ = {
			isa = XCConfigurationList;
			buildConfigurations = (
				F676E30226BE1400004D167D /* Debug */,
				F676E30326BE1400004D167D /* Release */,
			);
			defaultConfigurationIsVisible = 0;
			defaultConfigurationName = Release;
		};
		F676E30426BE1400004D167D /* Build configuration list for PBXNativeTarget "YoutubeAndroidSwiftUIClone" */ = {
			isa = XCConfigurationList;
			buildConfigurations = (
				F676E30526BE1400004D167D /* Debug */,
				F676E30626BE1400004D167D /* Release */,
			);
			defaultConfigurationIsVisible = 0;
			defaultConfigurationName = Release;
		};
/* End XCConfigurationList section */
	};
	rootObject = F676E2ED26BE13FF004D167D /* Project object */;
}
